dependencies:
- name: mariadb
  repository: https://charts.bitnami.com/bitnami
  version: 9.3.16
- name: redis
  repository: https://charts.bitnami.com/bitnami
  version: 14.6.6
- name: elasticsearch
  repository: https://helm.elastic.co
  version: 7.10.1
digest: sha256:d47465cb7678d690306b326eaa38ec9354cb6eca20fdf2aea1b2597e0c3d1d9b
generated: "2021-07-07T13:30:04.788519886+03:00"
